
Microsoft Visual Studio Solution File, Format Version 12.00
# Visual Studio 15
VisualStudioVersion = 15.0.27130.2003
MinimumVisualStudioVersion = 10.0.40219.1
Project("{8BC9CEB8-8B4A-11D0-8D11-00A0C91BC942}") = "final_project", "final_project.vcxproj", "{D91C6B88-5506-45AA-AB12-976505A43A22}"
EndProject
Project("{8BC9CEB8-8B4A-11D0-8D11-00A0C91BC942}") = "Sample-Test1", "..\Sample-Test1\Sample-Test1.vcxproj", "{37E528D3-1BB0-465B-A22C-C96A6FE68380}"
EndProject
Global
	GlobalSection(SolutionConfigurationPlatforms) = preSolution
		Debug|x64 = Debug|x64
		Debug|x86 = Debug|x86
		Release|x64 = Release|x64
		Release|x86 = Release|x86
	EndGlobalSection
	GlobalSection(ProjectConfigurationPlatforms) = postSolution
		{D91C6B88-5506-45AA-AB12-976505A43A22}.Debug|x64.ActiveCfg = Debug|x64
		{D91C6B88-5506-45AA-AB12-976505A43A22}.Debug|x64.Build.0 = Debug|x64
		{D91C6B88-5506-45AA-AB12-976505A43A22}.Debug|x86.ActiveCfg = Debug|Win32
		{D91C6B88-5506-45AA-AB12-976505A43A22}.Debug|x86.Build.0 = Debug|Win32
		{D91C6B88-5506-45AA-AB12-976505A43A22}.Release|x64.ActiveCfg = Release|x64
		{D91C6B88-5506-45AA-AB12-976505A43A22}.Release|x64.Build.0 = Release|x64
		{D91C6B88-5506-45AA-AB12-976505A43A22}.Release|x86.ActiveCfg = Release|Win32
		{D91C6B88-5506-45AA-AB12-976505A43A22}.Release|x86.Build.0 = Release|Win32
		{37E528D3-1BB0-465B-A22C-C96A6FE68380}.Debug|x64.ActiveCfg = Debug|x64
		{37E528D3-1BB0-465B-A22C-C96A6FE68380}.Debug|x64.Build.0 = Debug|x64
		{37E528D3-1BB0-465B-A22C-C96A6FE68380}.Debug|x86.ActiveCfg = Debug|Win32
		{37E528D3-1BB0-465B-A22C-C96A6FE68380}.Debug|x86.Build.0 = Debug|Win32
		{37E528D3-1BB0-465B-A22C-C96A6FE68380}.Release|x64.ActiveCfg = Release|x64
		{37E528D3-1BB0-465B-A22C-C96A6FE68380}.Release|x64.Build.0 = Release|x64
		{37E528D3-1BB0-465B-A22C-C96A6FE68380}.Release|x86.ActiveCfg = Release|Win32
		{37E528D3-1BB0-465B-A22C-C96A6FE68380}.Release|x86.Build.0 = Release|Win32
	EndGlobalSection
	GlobalSection(SolutionProperties) = preSolution
		HideSolutionNode = FALSE
	EndGlobalSection
	GlobalSection(ExtensibilityGlobals) = postSolution
		SolutionGuid = {B9932044-F30A-4040-93AE-ECC64D87E8B6}
	EndGlobalSection
EndGlobal
